
Microsoft Visual Studio Solution File, Format Version 12.00
# Visual Studio Version 16
VisualStudioVersion = 16.0.30011.22
MinimumVisualStudioVersion = 10.0.40219.1
Project("{FAE04EC0-301F-11D3-BF4B-00C04F79EFBC}") = "Matrizes6", "Matrizes6.csproj", "{D09C1D0A-B208-48B3-B643-8FADA62F3E98}"
EndProject
Global
	GlobalSection(SolutionConfigurationPlatforms) = preSolution
		Debug|Any CPU = Debug|Any CPU
		Release|Any CPU = Release|Any CPU
	EndGlobalSection
	GlobalSection(ProjectConfigurationPlatforms) = postSolution
		{D09C1D0A-B208-48B3-B643-8FADA62F3E98}.Debug|Any CPU.ActiveCfg = Debug|Any CPU
		{D09C1D0A-B208-48B3-B643-8FADA62F3E98}.Debug|Any CPU.Build.0 = Debug|Any CPU
		{D09C1D0A-B208-48B3-B643-8FADA62F3E98}.Release|Any CPU.ActiveCfg = Release|Any CPU
		{D09C1D0A-B208-48B3-B643-8FADA62F3E98}.Release|Any CPU.Build.0 = Release|Any CPU
	EndGlobalSection
	GlobalSection(SolutionProperties) = preSolution
		HideSolutionNode = FALSE
	EndGlobalSection
	GlobalSection(ExtensibilityGlobals) = postSolution
		SolutionGuid = {05F210EB-3E2B-455C-A4DE-3B7CF6E1D655}
	EndGlobalSection
EndGlobal
