
Microsoft Visual Studio Solution File, Format Version 12.00
# Visual Studio Version 16
VisualStudioVersion = 16.0.30011.22
MinimumVisualStudioVersion = 10.0.40219.1
Project("{FAE04EC0-301F-11D3-BF4B-00C04F79EFBC}") = "URI1011", "URI1011.csproj", "{DB19B18E-F238-4EAF-BDBC-24AF26DB9BDE}"
EndProject
Global
	GlobalSection(SolutionConfigurationPlatforms) = preSolution
		Debug|Any CPU = Debug|Any CPU
		Release|Any CPU = Release|Any CPU
	EndGlobalSection
	GlobalSection(ProjectConfigurationPlatforms) = postSolution
		{DB19B18E-F238-4EAF-BDBC-24AF26DB9BDE}.Debug|Any CPU.ActiveCfg = Debug|Any CPU
		{DB19B18E-F238-4EAF-BDBC-24AF26DB9BDE}.Debug|Any CPU.Build.0 = Debug|Any CPU
		{DB19B18E-F238-4EAF-BDBC-24AF26DB9BDE}.Release|Any CPU.ActiveCfg = Release|Any CPU
		{DB19B18E-F238-4EAF-BDBC-24AF26DB9BDE}.Release|Any CPU.Build.0 = Release|Any CPU
	EndGlobalSection
	GlobalSection(SolutionProperties) = preSolution
		HideSolutionNode = FALSE
	EndGlobalSection
	GlobalSection(ExtensibilityGlobals) = postSolution
		SolutionGuid = {527B91A4-D141-424C-A0B0-3C1C29FF8E19}
	EndGlobalSection
EndGlobal
