
Microsoft Visual Studio Solution File, Format Version 12.00
# Visual Studio Version 16
VisualStudioVersion = 16.0.30011.22
MinimumVisualStudioVersion = 10.0.40219.1
Project("{FAE04EC0-301F-11D3-BF4B-00C04F79EFBC}") = "URI1061", "URI1061.csproj", "{D580B34D-A07F-4ED2-ABE8-0B8C6BF3CFDD}"
EndProject
Global
	GlobalSection(SolutionConfigurationPlatforms) = preSolution
		Debug|Any CPU = Debug|Any CPU
		Release|Any CPU = Release|Any CPU
	EndGlobalSection
	GlobalSection(ProjectConfigurationPlatforms) = postSolution
		{D580B34D-A07F-4ED2-ABE8-0B8C6BF3CFDD}.Debug|Any CPU.ActiveCfg = Debug|Any CPU
		{D580B34D-A07F-4ED2-ABE8-0B8C6BF3CFDD}.Debug|Any CPU.Build.0 = Debug|Any CPU
		{D580B34D-A07F-4ED2-ABE8-0B8C6BF3CFDD}.Release|Any CPU.ActiveCfg = Release|Any CPU
		{D580B34D-A07F-4ED2-ABE8-0B8C6BF3CFDD}.Release|Any CPU.Build.0 = Release|Any CPU
	EndGlobalSection
	GlobalSection(SolutionProperties) = preSolution
		HideSolutionNode = FALSE
	EndGlobalSection
	GlobalSection(ExtensibilityGlobals) = postSolution
		SolutionGuid = {8444925E-13FF-4A41-B16C-83A4F8DDB061}
	EndGlobalSection
EndGlobal
