
Microsoft Visual Studio Solution File, Format Version 12.00
# Visual Studio Version 16
VisualStudioVersion = 16.0.30011.22
MinimumVisualStudioVersion = 10.0.40219.1
Project("{FAE04EC0-301F-11D3-BF4B-00C04F79EFBC}") = "Matrizes2", "Matrizes2.csproj", "{07AD25B9-5131-41EC-B2CD-5E1170B47E6F}"
EndProject
Global
	GlobalSection(SolutionConfigurationPlatforms) = preSolution
		Debug|Any CPU = Debug|Any CPU
		Release|Any CPU = Release|Any CPU
	EndGlobalSection
	GlobalSection(ProjectConfigurationPlatforms) = postSolution
		{07AD25B9-5131-41EC-B2CD-5E1170B47E6F}.Debug|Any CPU.ActiveCfg = Debug|Any CPU
		{07AD25B9-5131-41EC-B2CD-5E1170B47E6F}.Debug|Any CPU.Build.0 = Debug|Any CPU
		{07AD25B9-5131-41EC-B2CD-5E1170B47E6F}.Release|Any CPU.ActiveCfg = Release|Any CPU
		{07AD25B9-5131-41EC-B2CD-5E1170B47E6F}.Release|Any CPU.Build.0 = Release|Any CPU
	EndGlobalSection
	GlobalSection(SolutionProperties) = preSolution
		HideSolutionNode = FALSE
	EndGlobalSection
	GlobalSection(ExtensibilityGlobals) = postSolution
		SolutionGuid = {C781A14F-6E1A-4746-8267-896D03941921}
	EndGlobalSection
EndGlobal
