
Microsoft Visual Studio Solution File, Format Version 12.00
# Visual Studio Version 16
VisualStudioVersion = 16.0.30011.22
MinimumVisualStudioVersion = 10.0.40219.1
Project("{FAE04EC0-301F-11D3-BF4B-00C04F79EFBC}") = "URI1048", "URI1048.csproj", "{9DC6D8F7-2CC9-429B-AE1E-C27D3C8FA2BD}"
EndProject
Global
	GlobalSection(SolutionConfigurationPlatforms) = preSolution
		Debug|Any CPU = Debug|Any CPU
		Release|Any CPU = Release|Any CPU
	EndGlobalSection
	GlobalSection(ProjectConfigurationPlatforms) = postSolution
		{9DC6D8F7-2CC9-429B-AE1E-C27D3C8FA2BD}.Debug|Any CPU.ActiveCfg = Debug|Any CPU
		{9DC6D8F7-2CC9-429B-AE1E-C27D3C8FA2BD}.Debug|Any CPU.Build.0 = Debug|Any CPU
		{9DC6D8F7-2CC9-429B-AE1E-C27D3C8FA2BD}.Release|Any CPU.ActiveCfg = Release|Any CPU
		{9DC6D8F7-2CC9-429B-AE1E-C27D3C8FA2BD}.Release|Any CPU.Build.0 = Release|Any CPU
	EndGlobalSection
	GlobalSection(SolutionProperties) = preSolution
		HideSolutionNode = FALSE
	EndGlobalSection
	GlobalSection(ExtensibilityGlobals) = postSolution
		SolutionGuid = {0B28923A-CC81-4CCD-927B-9B367E8BE45D}
	EndGlobalSection
EndGlobal
