
Microsoft Visual Studio Solution File, Format Version 12.00
# Visual Studio Version 16
VisualStudioVersion = 16.0.30104.148
MinimumVisualStudioVersion = 10.0.40219.1
Project("{FAE04EC0-301F-11D3-BF4B-00C04F79EFBC}") = "Aula 125 Heranca", "Aula 125 Heranca.csproj", "{9D3A3F35-CF09-49B9-8389-F45C4E57950B}"
EndProject
Global
	GlobalSection(SolutionConfigurationPlatforms) = preSolution
		Debug|Any CPU = Debug|Any CPU
		Release|Any CPU = Release|Any CPU
	EndGlobalSection
	GlobalSection(ProjectConfigurationPlatforms) = postSolution
		{9D3A3F35-CF09-49B9-8389-F45C4E57950B}.Debug|Any CPU.ActiveCfg = Debug|Any CPU
		{9D3A3F35-CF09-49B9-8389-F45C4E57950B}.Debug|Any CPU.Build.0 = Debug|Any CPU
		{9D3A3F35-CF09-49B9-8389-F45C4E57950B}.Release|Any CPU.ActiveCfg = Release|Any CPU
		{9D3A3F35-CF09-49B9-8389-F45C4E57950B}.Release|Any CPU.Build.0 = Release|Any CPU
	EndGlobalSection
	GlobalSection(SolutionProperties) = preSolution
		HideSolutionNode = FALSE
	EndGlobalSection
	GlobalSection(ExtensibilityGlobals) = postSolution
		SolutionGuid = {17D26210-90D6-4FCF-8568-3A73CD13ED85}
	EndGlobalSection
EndGlobal
