
Microsoft Visual Studio Solution File, Format Version 12.00
# Visual Studio Version 16
VisualStudioVersion = 16.0.30104.148
MinimumVisualStudioVersion = 10.0.40219.1
Project("{FAE04EC0-301F-11D3-BF4B-00C04F79EFBC}") = "Exercicio01", "Exercicio01.csproj", "{70842083-48DE-4D69-A189-EF6B9B86FB6F}"
EndProject
Global
	GlobalSection(SolutionConfigurationPlatforms) = preSolution
		Debug|Any CPU = Debug|Any CPU
		Release|Any CPU = Release|Any CPU
	EndGlobalSection
	GlobalSection(ProjectConfigurationPlatforms) = postSolution
		{70842083-48DE-4D69-A189-EF6B9B86FB6F}.Debug|Any CPU.ActiveCfg = Debug|Any CPU
		{70842083-48DE-4D69-A189-EF6B9B86FB6F}.Debug|Any CPU.Build.0 = Debug|Any CPU
		{70842083-48DE-4D69-A189-EF6B9B86FB6F}.Release|Any CPU.ActiveCfg = Release|Any CPU
		{70842083-48DE-4D69-A189-EF6B9B86FB6F}.Release|Any CPU.Build.0 = Release|Any CPU
	EndGlobalSection
	GlobalSection(SolutionProperties) = preSolution
		HideSolutionNode = FALSE
	EndGlobalSection
	GlobalSection(ExtensibilityGlobals) = postSolution
		SolutionGuid = {0D8F0B5C-D5A2-4A09-BA06-FFFBE5066EE3}
	EndGlobalSection
EndGlobal
