
Microsoft Visual Studio Solution File, Format Version 12.00
# Visual Studio Version 16
VisualStudioVersion = 16.0.30320.27
MinimumVisualStudioVersion = 10.0.40219.1
Project("{FAE04EC0-301F-11D3-BF4B-00C04F79EFBC}") = "Algoritmos", "Algoritmos.csproj", "{620BC25A-0E8C-4F75-87E9-56F48BC2D95A}"
EndProject
Global
	GlobalSection(SolutionConfigurationPlatforms) = preSolution
		Debug|Any CPU = Debug|Any CPU
		Release|Any CPU = Release|Any CPU
	EndGlobalSection
	GlobalSection(ProjectConfigurationPlatforms) = postSolution
		{620BC25A-0E8C-4F75-87E9-56F48BC2D95A}.Debug|Any CPU.ActiveCfg = Debug|Any CPU
		{620BC25A-0E8C-4F75-87E9-56F48BC2D95A}.Debug|Any CPU.Build.0 = Debug|Any CPU
		{620BC25A-0E8C-4F75-87E9-56F48BC2D95A}.Release|Any CPU.ActiveCfg = Release|Any CPU
		{620BC25A-0E8C-4F75-87E9-56F48BC2D95A}.Release|Any CPU.Build.0 = Release|Any CPU
	EndGlobalSection
	GlobalSection(SolutionProperties) = preSolution
		HideSolutionNode = FALSE
	EndGlobalSection
	GlobalSection(ExtensibilityGlobals) = postSolution
		SolutionGuid = {DB26728D-7ABC-4B80-A9BB-A1D96DE26D36}
	EndGlobalSection
EndGlobal
