
Microsoft Visual Studio Solution File, Format Version 12.00
# Visual Studio Version 16
VisualStudioVersion = 16.0.30011.22
MinimumVisualStudioVersion = 10.0.40219.1
Project("{FAE04EC0-301F-11D3-BF4B-00C04F79EFBC}") = "URI1016", "URI1016.csproj", "{89EB45FC-AD75-4D10-B1CF-006A1B80D945}"
EndProject
Global
	GlobalSection(SolutionConfigurationPlatforms) = preSolution
		Debug|Any CPU = Debug|Any CPU
		Release|Any CPU = Release|Any CPU
	EndGlobalSection
	GlobalSection(ProjectConfigurationPlatforms) = postSolution
		{89EB45FC-AD75-4D10-B1CF-006A1B80D945}.Debug|Any CPU.ActiveCfg = Debug|Any CPU
		{89EB45FC-AD75-4D10-B1CF-006A1B80D945}.Debug|Any CPU.Build.0 = Debug|Any CPU
		{89EB45FC-AD75-4D10-B1CF-006A1B80D945}.Release|Any CPU.ActiveCfg = Release|Any CPU
		{89EB45FC-AD75-4D10-B1CF-006A1B80D945}.Release|Any CPU.Build.0 = Release|Any CPU
	EndGlobalSection
	GlobalSection(SolutionProperties) = preSolution
		HideSolutionNode = FALSE
	EndGlobalSection
	GlobalSection(ExtensibilityGlobals) = postSolution
		SolutionGuid = {546C240F-6629-4363-92DF-67D4B17FC45C}
	EndGlobalSection
EndGlobal
