
Microsoft Visual Studio Solution File, Format Version 12.00
# Visual Studio Version 16
VisualStudioVersion = 16.0.30011.22
MinimumVisualStudioVersion = 10.0.40219.1
Project("{FAE04EC0-301F-11D3-BF4B-00C04F79EFBC}") = "URI1041", "URI1041.csproj", "{21179912-C8DD-4800-924A-948D64F03CAA}"
EndProject
Global
	GlobalSection(SolutionConfigurationPlatforms) = preSolution
		Debug|Any CPU = Debug|Any CPU
		Release|Any CPU = Release|Any CPU
	EndGlobalSection
	GlobalSection(ProjectConfigurationPlatforms) = postSolution
		{21179912-C8DD-4800-924A-948D64F03CAA}.Debug|Any CPU.ActiveCfg = Debug|Any CPU
		{21179912-C8DD-4800-924A-948D64F03CAA}.Debug|Any CPU.Build.0 = Debug|Any CPU
		{21179912-C8DD-4800-924A-948D64F03CAA}.Release|Any CPU.ActiveCfg = Release|Any CPU
		{21179912-C8DD-4800-924A-948D64F03CAA}.Release|Any CPU.Build.0 = Release|Any CPU
	EndGlobalSection
	GlobalSection(SolutionProperties) = preSolution
		HideSolutionNode = FALSE
	EndGlobalSection
	GlobalSection(ExtensibilityGlobals) = postSolution
		SolutionGuid = {3D1E0ED0-82AD-4B7D-BB8A-732DF8709EEB}
	EndGlobalSection
EndGlobal
