
Microsoft Visual Studio Solution File, Format Version 12.00
# Visual Studio Version 16
VisualStudioVersion = 16.0.30011.22
MinimumVisualStudioVersion = 10.0.40219.1
Project("{FAE04EC0-301F-11D3-BF4B-00C04F79EFBC}") = "URI1013", "URI1013.csproj", "{E6469386-1B73-4F8E-9526-8C0FE374645A}"
EndProject
Global
	GlobalSection(SolutionConfigurationPlatforms) = preSolution
		Debug|Any CPU = Debug|Any CPU
		Release|Any CPU = Release|Any CPU
	EndGlobalSection
	GlobalSection(ProjectConfigurationPlatforms) = postSolution
		{E6469386-1B73-4F8E-9526-8C0FE374645A}.Debug|Any CPU.ActiveCfg = Debug|Any CPU
		{E6469386-1B73-4F8E-9526-8C0FE374645A}.Debug|Any CPU.Build.0 = Debug|Any CPU
		{E6469386-1B73-4F8E-9526-8C0FE374645A}.Release|Any CPU.ActiveCfg = Release|Any CPU
		{E6469386-1B73-4F8E-9526-8C0FE374645A}.Release|Any CPU.Build.0 = Release|Any CPU
	EndGlobalSection
	GlobalSection(SolutionProperties) = preSolution
		HideSolutionNode = FALSE
	EndGlobalSection
	GlobalSection(ExtensibilityGlobals) = postSolution
		SolutionGuid = {95DF8718-4E5A-4F17-9476-3720B72DAC23}
	EndGlobalSection
EndGlobal
