
Microsoft Visual Studio Solution File, Format Version 12.00
# Visual Studio Version 16
VisualStudioVersion = 16.0.30104.148
MinimumVisualStudioVersion = 10.0.40219.1
Project("{FAE04EC0-301F-11D3-BF4B-00C04F79EFBC}") = "Aula190", "Aula190.csproj", "{7BDD0BB4-EE06-4040-8A06-FA152CB40EC2}"
EndProject
Global
	GlobalSection(SolutionConfigurationPlatforms) = preSolution
		Debug|Any CPU = Debug|Any CPU
		Release|Any CPU = Release|Any CPU
	EndGlobalSection
	GlobalSection(ProjectConfigurationPlatforms) = postSolution
		{7BDD0BB4-EE06-4040-8A06-FA152CB40EC2}.Debug|Any CPU.ActiveCfg = Debug|Any CPU
		{7BDD0BB4-EE06-4040-8A06-FA152CB40EC2}.Debug|Any CPU.Build.0 = Debug|Any CPU
		{7BDD0BB4-EE06-4040-8A06-FA152CB40EC2}.Release|Any CPU.ActiveCfg = Release|Any CPU
		{7BDD0BB4-EE06-4040-8A06-FA152CB40EC2}.Release|Any CPU.Build.0 = Release|Any CPU
	EndGlobalSection
	GlobalSection(SolutionProperties) = preSolution
		HideSolutionNode = FALSE
	EndGlobalSection
	GlobalSection(ExtensibilityGlobals) = postSolution
		SolutionGuid = {A3833BE5-DA8E-4469-8E3F-BB215641135F}
	EndGlobalSection
EndGlobal
