
Microsoft Visual Studio Solution File, Format Version 12.00
# Visual Studio Version 16
VisualStudioVersion = 16.0.30104.148
MinimumVisualStudioVersion = 10.0.40219.1
Project("{FAE04EC0-301F-11D3-BF4B-00C04F79EFBC}") = "ExercicioResolvido01", "ExercicioResolvido01.csproj", "{2703B0F2-84DE-4465-96D0-1F30F752F394}"
EndProject
Global
	GlobalSection(SolutionConfigurationPlatforms) = preSolution
		Debug|Any CPU = Debug|Any CPU
		Release|Any CPU = Release|Any CPU
	EndGlobalSection
	GlobalSection(ProjectConfigurationPlatforms) = postSolution
		{2703B0F2-84DE-4465-96D0-1F30F752F394}.Debug|Any CPU.ActiveCfg = Debug|Any CPU
		{2703B0F2-84DE-4465-96D0-1F30F752F394}.Debug|Any CPU.Build.0 = Debug|Any CPU
		{2703B0F2-84DE-4465-96D0-1F30F752F394}.Release|Any CPU.ActiveCfg = Release|Any CPU
		{2703B0F2-84DE-4465-96D0-1F30F752F394}.Release|Any CPU.Build.0 = Release|Any CPU
	EndGlobalSection
	GlobalSection(SolutionProperties) = preSolution
		HideSolutionNode = FALSE
	EndGlobalSection
	GlobalSection(ExtensibilityGlobals) = postSolution
		SolutionGuid = {294A2195-4E48-49EA-B8B9-03EB1A2F5D36}
	EndGlobalSection
EndGlobal
