
Microsoft Visual Studio Solution File, Format Version 12.00
# Visual Studio Version 16
VisualStudioVersion = 16.0.30104.148
MinimumVisualStudioVersion = 10.0.40219.1
Project("{FAE04EC0-301F-11D3-BF4B-00C04F79EFBC}") = "Aula188", "Aula188.csproj", "{DF10D58E-ABC9-4CB3-9D94-CA7F7E962A0A}"
EndProject
Global
	GlobalSection(SolutionConfigurationPlatforms) = preSolution
		Debug|Any CPU = Debug|Any CPU
		Release|Any CPU = Release|Any CPU
	EndGlobalSection
	GlobalSection(ProjectConfigurationPlatforms) = postSolution
		{DF10D58E-ABC9-4CB3-9D94-CA7F7E962A0A}.Debug|Any CPU.ActiveCfg = Debug|Any CPU
		{DF10D58E-ABC9-4CB3-9D94-CA7F7E962A0A}.Debug|Any CPU.Build.0 = Debug|Any CPU
		{DF10D58E-ABC9-4CB3-9D94-CA7F7E962A0A}.Release|Any CPU.ActiveCfg = Release|Any CPU
		{DF10D58E-ABC9-4CB3-9D94-CA7F7E962A0A}.Release|Any CPU.Build.0 = Release|Any CPU
	EndGlobalSection
	GlobalSection(SolutionProperties) = preSolution
		HideSolutionNode = FALSE
	EndGlobalSection
	GlobalSection(ExtensibilityGlobals) = postSolution
		SolutionGuid = {477F05B6-DD9D-4250-9253-CB20C245FF70}
	EndGlobalSection
EndGlobal
