
Microsoft Visual Studio Solution File, Format Version 12.00
# Visual Studio Version 16
VisualStudioVersion = 16.0.30104.148
MinimumVisualStudioVersion = 10.0.40219.1
Project("{FAE04EC0-301F-11D3-BF4B-00C04F79EFBC}") = "Aula186", "Aula186.csproj", "{9AA28BC2-58D1-40E7-9E4E-FFE08F947349}"
EndProject
Global
	GlobalSection(SolutionConfigurationPlatforms) = preSolution
		Debug|Any CPU = Debug|Any CPU
		Release|Any CPU = Release|Any CPU
	EndGlobalSection
	GlobalSection(ProjectConfigurationPlatforms) = postSolution
		{9AA28BC2-58D1-40E7-9E4E-FFE08F947349}.Debug|Any CPU.ActiveCfg = Debug|Any CPU
		{9AA28BC2-58D1-40E7-9E4E-FFE08F947349}.Debug|Any CPU.Build.0 = Debug|Any CPU
		{9AA28BC2-58D1-40E7-9E4E-FFE08F947349}.Release|Any CPU.ActiveCfg = Release|Any CPU
		{9AA28BC2-58D1-40E7-9E4E-FFE08F947349}.Release|Any CPU.Build.0 = Release|Any CPU
	EndGlobalSection
	GlobalSection(SolutionProperties) = preSolution
		HideSolutionNode = FALSE
	EndGlobalSection
	GlobalSection(ExtensibilityGlobals) = postSolution
		SolutionGuid = {B9F14CA5-7617-4400-B04F-7F014C61887B}
	EndGlobalSection
EndGlobal
