
Microsoft Visual Studio Solution File, Format Version 12.00
# Visual Studio Version 16
VisualStudioVersion = 16.0.30104.148
MinimumVisualStudioVersion = 10.0.40219.1
Project("{FAE04EC0-301F-11D3-BF4B-00C04F79EFBC}") = "Aula 208", "Aula 208.csproj", "{251920E1-BA74-4DF2-94E4-9EE5185AA6F1}"
EndProject
Global
	GlobalSection(SolutionConfigurationPlatforms) = preSolution
		Debug|Any CPU = Debug|Any CPU
		Release|Any CPU = Release|Any CPU
	EndGlobalSection
	GlobalSection(ProjectConfigurationPlatforms) = postSolution
		{251920E1-BA74-4DF2-94E4-9EE5185AA6F1}.Debug|Any CPU.ActiveCfg = Debug|Any CPU
		{251920E1-BA74-4DF2-94E4-9EE5185AA6F1}.Debug|Any CPU.Build.0 = Debug|Any CPU
		{251920E1-BA74-4DF2-94E4-9EE5185AA6F1}.Release|Any CPU.ActiveCfg = Release|Any CPU
		{251920E1-BA74-4DF2-94E4-9EE5185AA6F1}.Release|Any CPU.Build.0 = Release|Any CPU
	EndGlobalSection
	GlobalSection(SolutionProperties) = preSolution
		HideSolutionNode = FALSE
	EndGlobalSection
	GlobalSection(ExtensibilityGlobals) = postSolution
		SolutionGuid = {58093D9B-20DA-4AF3-B31B-B5D17161D994}
	EndGlobalSection
EndGlobal
