
Microsoft Visual Studio Solution File, Format Version 12.00
# Visual Studio Version 16
VisualStudioVersion = 16.0.30104.148
MinimumVisualStudioVersion = 10.0.40219.1
Project("{9A19103F-16F7-4668-BE54-9A1E7A4F7556}") = "Exercicio", "Exercicio.csproj", "{484518B0-47C4-41CC-9440-5909CA61F3EF}"
EndProject
Global
	GlobalSection(SolutionConfigurationPlatforms) = preSolution
		Debug|Any CPU = Debug|Any CPU
		Release|Any CPU = Release|Any CPU
	EndGlobalSection
	GlobalSection(ProjectConfigurationPlatforms) = postSolution
		{484518B0-47C4-41CC-9440-5909CA61F3EF}.Debug|Any CPU.ActiveCfg = Debug|Any CPU
		{484518B0-47C4-41CC-9440-5909CA61F3EF}.Debug|Any CPU.Build.0 = Debug|Any CPU
		{484518B0-47C4-41CC-9440-5909CA61F3EF}.Release|Any CPU.ActiveCfg = Release|Any CPU
		{484518B0-47C4-41CC-9440-5909CA61F3EF}.Release|Any CPU.Build.0 = Release|Any CPU
	EndGlobalSection
	GlobalSection(SolutionProperties) = preSolution
		HideSolutionNode = FALSE
	EndGlobalSection
	GlobalSection(ExtensibilityGlobals) = postSolution
		SolutionGuid = {5C039C57-DAC6-485C-B2BE-AFA89AC763C5}
	EndGlobalSection
EndGlobal
